
Microsoft Visual Studio Solution File, Format Version 12.00
# Visual Studio Version 16
VisualStudioVersion = 16.0.30717.126
MinimumVisualStudioVersion = 10.0.40219.1
Project("{9A19103F-16F7-4668-BE54-9A1E7A4F7556}") = "poker-game", "poker-game\poker-game.csproj", "{22A6C753-DF1C-4EFA-B7A0-0E57BF638AF2}"
EndProject
Project("{FAE04EC0-301F-11D3-BF4B-00C04F79EFBC}") = "poker-game.tests", "poker-game.tests\poker-game.tests.csproj", "{EE2BFE59-EC5E-4F35-A348-E069B9EBF5EF}"
EndProject
Global
	GlobalSection(SolutionConfigurationPlatforms) = preSolution
		Debug|Any CPU = Debug|Any CPU
		Release|Any CPU = Release|Any CPU
	EndGlobalSection
	GlobalSection(ProjectConfigurationPlatforms) = postSolution
		{22A6C753-DF1C-4EFA-B7A0-0E57BF638AF2}.Debug|Any CPU.ActiveCfg = Debug|Any CPU
		{22A6C753-DF1C-4EFA-B7A0-0E57BF638AF2}.Debug|Any CPU.Build.0 = Debug|Any CPU
		{22A6C753-DF1C-4EFA-B7A0-0E57BF638AF2}.Release|Any CPU.ActiveCfg = Release|Any CPU
		{22A6C753-DF1C-4EFA-B7A0-0E57BF638AF2}.Release|Any CPU.Build.0 = Release|Any CPU
		{EE2BFE59-EC5E-4F35-A348-E069B9EBF5EF}.Debug|Any CPU.ActiveCfg = Debug|Any CPU
		{EE2BFE59-EC5E-4F35-A348-E069B9EBF5EF}.Debug|Any CPU.Build.0 = Debug|Any CPU
		{EE2BFE59-EC5E-4F35-A348-E069B9EBF5EF}.Release|Any CPU.ActiveCfg = Release|Any CPU
		{EE2BFE59-EC5E-4F35-A348-E069B9EBF5EF}.Release|Any CPU.Build.0 = Release|Any CPU
	EndGlobalSection
	GlobalSection(SolutionProperties) = preSolution
		HideSolutionNode = FALSE
	EndGlobalSection
	GlobalSection(ExtensibilityGlobals) = postSolution
		SolutionGuid = {279E8700-D269-454F-BE4B-CE4F71F13001}
	EndGlobalSection
EndGlobal
